
Microsoft Visual Studio Solution File, Format Version 12.00
# Visual Studio 2012
Project("{FAE04EC0-301F-11D3-BF4B-00C04F79EFBC}") = "TaskManager", "TaskManager.csproj", "{10FD9145-5411-4420-8A45-2C5AD57554FD}"
EndProject
Global
	GlobalSection(SolutionConfigurationPlatforms) = preSolution
		Debug|Any CPU = Debug|Any CPU
		Release|Any CPU = Release|Any CPU
	EndGlobalSection
	GlobalSection(ProjectConfigurationPlatforms) = postSolution
		{10FD9145-5411-4420-8A45-2C5AD57554FD}.Debug|Any CPU.ActiveCfg = Debug|Any CPU
		{10FD9145-5411-4420-8A45-2C5AD57554FD}.Debug|Any CPU.Build.0 = Debug|Any CPU
		{10FD9145-5411-4420-8A45-2C5AD57554FD}.Release|Any CPU.ActiveCfg = Release|Any CPU
		{10FD9145-5411-4420-8A45-2C5AD57554FD}.Release|Any CPU.Build.0 = Release|Any CPU
	EndGlobalSection
	GlobalSection(SolutionProperties) = preSolution
		HideSolutionNode = FALSE
	EndGlobalSection
EndGlobal
